{
  "R": {
    "Version": "4.0.3",
    "Repositories": [
      {
        "Name": "RSPM",
        "URL": "https://colorado.rstudio.com/rspm/all/1363722"
      },
      {
        "Name": "Internal",
        "URL": "https://colorado.rstudio.com/rspm/internal/latest"
      },
      {
        "Name": "Internal",
        "URL": "https://colorado.rstudio.com/rspm/internal/latest"
      }
    ]
  },
  "Packages": {
    "BH": {
      "Package": "BH",
      "Version": "1.66.0-1",
      "Source": "Repository",
      "Repository": "RSPM",
      "Hash": "f4d1087b63689f22d87f4873a7c5e2b8"
    },
    "DBI": {
      "Package": "DBI",
      "Version": "1.1.1",
      "Source": "Repository",
      "Repository": "RSPM",
      "Hash": "030aaec5bc6553f35347cbb1e70b1a17"
    },
    "DiceDesign": {
      "Package": "DiceDesign",
      "Version": "1.8-1",
      "Source": "Repository",
      "Repository": "RSPM",
      "Hash": "c37a99997a2108edb7ef6563b8f6103f"
    },
    "GPfit": {
      "Package": "GPfit",
      "Version": "1.0-8",
      "Source": "Repository",
      "Repository": "RSPM",
      "Hash": "29a7dccade1fd037c8262c2a239775eb"
    },
    "KernSmooth": {
      "Package": "KernSmooth",
      "Version": "2.23-18",
      "Source": "Repository",
      "Repository": "RSPM",
      "Hash": "9e703ad8bf0e99f3691f05da32dfe68b"
    },
    "MASS": {
      "Package": "MASS",
      "Version": "7.3-53",
      "Source": "Repository",
      "Repository": "RSPM",
      "Hash": "d1bc1c8e9c0ace57ec9ffea01021d45f"
    },
    "Matrix": {
      "Package": "Matrix",
      "Version": "1.3-2",
      "Source": "Repository",
      "Repository": "RSPM",
      "Hash": "ff280503079ad8623d3c4b1519b24ea2"
    },
    "R6": {
      "Package": "R6",
      "Version": "2.5.0",
      "Source": "Repository",
      "Repository": "RSPM",
      "Hash": "b203113193e70978a696b2809525649d"
    },
    "RColorBrewer": {
      "Package": "RColorBrewer",
      "Version": "1.1-2",
      "Source": "Repository",
      "Repository": "RSPM",
      "Hash": "e031418365a7f7a766181ab5a41a5716"
    },
    "RPostgreSQL": {
      "Package": "RPostgreSQL",
      "Version": "0.6-2",
      "Source": "Repository",
      "Repository": "RSPM",
      "Hash": "82cb7737c081ed6b5e528a37f536d864"
    },
    "Rcpp": {
      "Package": "Rcpp",
      "Version": "1.0.6",
      "Source": "Repository",
      "Repository": "RSPM",
      "Hash": "dbb5e436998a7eba5a9d682060533338"
    },
    "SQUAREM": {
      "Package": "SQUAREM",
      "Version": "2021.1",
      "Source": "Repository",
      "Repository": "RSPM",
      "Hash": "0cf10dab0d023d5b46a5a14387556891"
    },
    "askpass": {
      "Package": "askpass",
      "Version": "1.1",
      "Source": "Repository",
      "Repository": "RSPM",
      "Hash": "e8a22846fff485f0be3770c2da758713"
    },
    "assertthat": {
      "Package": "assertthat",
      "Version": "0.2.1",
      "Source": "Repository",
      "Repository": "RSPM",
      "Hash": "50c838a310445e954bc13f26f26a6ecf"
    },
    "backports": {
      "Package": "backports",
      "Version": "1.1.2",
      "Source": "Repository",
      "Repository": "RSPM",
      "Hash": "93ed3362cd87726b2c9bdc69a97b130c"
    },
    "base64enc": {
      "Package": "base64enc",
      "Version": "0.1-3",
      "Source": "Repository",
      "Repository": "RSPM",
      "Hash": "543776ae6848fde2f48ff3816d0628bc"
    },
    "bikeHelpR": {
      "Package": "bikeHelpR",
      "Version": "0.2.3",
      "Source": "Repository",
      "Repository": "RSPM",
      "RemoteType": "repository",
      "RemoteSha": "1c921720fcedd48befd25c87bc43296ce579576a",
      "Hash": "024a23e33363d5423c45efe6197d45d4"
    },
    "bit": {
      "Package": "bit",
      "Version": "4.0.4",
      "Source": "Repository",
      "Repository": "RSPM",
      "Hash": "f36715f14d94678eea9933af927bc15d"
    },
    "bit64": {
      "Package": "bit64",
      "Version": "4.0.5",
      "Source": "Repository",
      "Repository": "RSPM",
      "Hash": "9fe98599ca456d6552421db0d6772d8f"
    },
    "blastula": {
      "Package": "blastula",
      "Version": "0.3.2",
      "Source": "Repository",
      "Repository": "RSPM",
      "Hash": "1f45952e8aadddb043afb988b988dd52"
    },
    "blob": {
      "Package": "blob",
      "Version": "1.2.1",
      "Source": "Repository",
      "Repository": "RSPM",
      "Hash": "9addc7e2c5954eca5719928131fed98c"
    },
    "brio": {
      "Package": "brio",
      "Version": "1.1.1",
      "Source": "Repository",
      "Repository": "RSPM",
      "Hash": "36758510e65a457efeefa50e1e7f0576"
    },
    "broom": {
      "Package": "broom",
      "Version": "0.7.3",
      "Source": "Repository",
      "Repository": "RSPM",
      "Hash": "5581a5ddc8fe2ac5e0d092ec2de4c4ae"
    },
    "bslib": {
      "Package": "bslib",
      "Version": "0.2.4",
      "Source": "Repository",
      "Repository": "RSPM",
      "Hash": "4830a372b241d78ed6f53731ee3023ac"
    },
    "cachem": {
      "Package": "cachem",
      "Version": "1.0.1",
      "Source": "Repository",
      "Repository": "RSPM",
      "Hash": "3259868ce0a3fab9456de8635cc34728"
    },
    "callr": {
      "Package": "callr",
      "Version": "3.5.1",
      "Source": "Repository",
      "Repository": "RSPM",
      "Hash": "b7d7f1e926dfcd57c74ce93f5c048e80"
    },
    "cellranger": {
      "Package": "cellranger",
      "Version": "1.1.0",
      "Source": "Repository",
      "Repository": "RSPM",
      "Hash": "f61dbaec772ccd2e17705c1e872e9e7c"
    },
    "class": {
      "Package": "class",
      "Version": "7.3-18",
      "Source": "Repository",
      "Repository": "RSPM",
      "Hash": "15ef288688a6919417ade6251deea2b3"
    },
    "cli": {
      "Package": "cli",
      "Version": "2.2.0",
      "Source": "Repository",
      "Repository": "RSPM",
      "Hash": "3ef298932294b775fa0a3eeaa3a645b0"
    },
    "clipr": {
      "Package": "clipr",
      "Version": "0.7.1",
      "Source": "Repository",
      "Repository": "RSPM",
      "Hash": "ebaa97ac99cc2daf04e77eecc7b781d7"
    },
    "codetools": {
      "Package": "codetools",
      "Version": "0.2-18",
      "Source": "Repository",
      "Repository": "RSPM",
      "Hash": "019388fc48e48b3da0d3a76ff94608a8"
    },
    "colorspace": {
      "Package": "colorspace",
      "Version": "2.0-0",
      "Source": "Repository",
      "Repository": "RSPM",
      "Hash": "abea3384649ef37f60ef51ce002f3547"
    },
    "commonmark": {
      "Package": "commonmark",
      "Version": "1.7",
      "Source": "Repository",
      "Repository": "RSPM",
      "Hash": "0f22be39ec1d141fd03683c06f3a6e67"
    },
    "cpp11": {
      "Package": "cpp11",
      "Version": "0.2.5",
      "Source": "Repository",
      "Repository": "RSPM",
      "Hash": "8b9a10255e862eb99e38fa8b0caa6c0d"
    },
    "crayon": {
      "Package": "crayon",
      "Version": "1.3.4",
      "Source": "Repository",
      "Repository": "RSPM",
      "Hash": "0d57bc8e27b7ba9e45dba825ebc0de6b"
    },
    "crosstalk": {
      "Package": "crosstalk",
      "Version": "1.1.1",
      "Source": "Repository",
      "Repository": "RSPM",
      "Hash": "2b06f9e415a62b6762e4b8098d2aecbc"
    },
    "curl": {
      "Package": "curl",
      "Version": "4.3",
      "Source": "Repository",
      "Repository": "RSPM",
      "Hash": "2b7d10581cc730804e9ed178c8374bd6"
    },
    "data.table": {
      "Package": "data.table",
      "Version": "1.13.6",
      "Source": "Repository",
      "Repository": "RSPM",
      "Hash": "813fa8857aaa949b243e2e0b4abb8592"
    },
    "dbplyr": {
      "Package": "dbplyr",
      "Version": "2.0.0",
      "Source": "Repository",
      "Repository": "RSPM",
      "Hash": "714005206038b1dda74cb1de85029a20"
    },
    "desc": {
      "Package": "desc",
      "Version": "1.2.0",
      "Source": "Repository",
      "Repository": "RSPM",
      "Hash": "6c8fe8fa26a23b79949375d372c7b395"
    },
    "dials": {
      "Package": "dials",
      "Version": "0.0.9",
      "Source": "Repository",
      "Repository": "RSPM",
      "Hash": "eca6214674f3c1ed7add92a28e26f8ba"
    },
    "diffobj": {
      "Package": "diffobj",
      "Version": "0.3.3",
      "Source": "Repository",
      "Repository": "RSPM",
      "Hash": "55fae7ec1418d2a47bd552571673d1af"
    },
    "digest": {
      "Package": "digest",
      "Version": "0.6.27",
      "Source": "Repository",
      "Repository": "RSPM",
      "Hash": "a0cbe758a531d054b537d16dff4d58a1"
    },
    "dplyr": {
      "Package": "dplyr",
      "Version": "1.0.3",
      "Source": "Repository",
      "Repository": "RSPM",
      "Hash": "365f8c3650ab95582e600f160fd5fb88"
    },
    "ellipsis": {
      "Package": "ellipsis",
      "Version": "0.3.1",
      "Source": "Repository",
      "Repository": "RSPM",
      "Hash": "fd2844b3a43ae2d27e70ece2df1b4e2a"
    },
    "evaluate": {
      "Package": "evaluate",
      "Version": "0.14",
      "Source": "Repository",
      "Repository": "RSPM",
      "Hash": "ec8ca05cffcc70569eaaad8469d2a3a7"
    },
    "fansi": {
      "Package": "fansi",
      "Version": "0.4.2",
      "Source": "Repository",
      "Repository": "RSPM",
      "Hash": "fea074fb67fe4c25d47ad09087da847d"
    },
    "farver": {
      "Package": "farver",
      "Version": "2.0.3",
      "Source": "Repository",
      "Repository": "RSPM",
      "Hash": "dad6793a5a1f73c8e91f1a1e3e834b05"
    },
    "fastmap": {
      "Package": "fastmap",
      "Version": "1.1.0",
      "Source": "Repository",
      "Repository": "RSPM",
      "Hash": "77bd60a6157420d4ffa93b27cf6a58b8"
    },
    "filelock": {
      "Package": "filelock",
      "Version": "1.0.2",
      "Source": "Repository",
      "Repository": "RSPM",
      "Hash": "38ec653c2613bed60052ba3787bd8a2c"
    },
    "forcats": {
      "Package": "forcats",
      "Version": "0.5.0",
      "Source": "Repository",
      "Repository": "RSPM",
      "Hash": "1cb4279e697650f0bd78cd3601ee7576"
    },
    "foreach": {
      "Package": "foreach",
      "Version": "1.5.1",
      "Source": "Repository",
      "Repository": "RSPM",
      "Hash": "e32cfc0973caba11b65b1fa691b4d8c9"
    },
    "fs": {
      "Package": "fs",
      "Version": "1.5.0",
      "Source": "Repository",
      "Repository": "RSPM",
      "Hash": "44594a07a42e5f91fac9f93fda6d0109"
    },
    "furrr": {
      "Package": "furrr",
      "Version": "0.2.1",
      "Source": "Repository",
      "Repository": "RSPM",
      "Hash": "af63be5cfd08a23db9bbf92acbccd11c"
    },
    "future": {
      "Package": "future",
      "Version": "1.21.0",
      "Source": "Repository",
      "Repository": "RSPM",
      "Hash": "f25fad6bee82b7ab01f055e2d813b96f"
    },
    "generics": {
      "Package": "generics",
      "Version": "0.1.0",
      "Source": "Repository",
      "Repository": "RSPM",
      "Hash": "4d243a9c10b00589889fe32314ffd902"
    },
    "getPass": {
      "Package": "getPass",
      "Version": "0.2-2",
      "Source": "Repository",
      "Repository": "RSPM",
      "Hash": "07a91f99e56951818ab911366db77700"
    },
    "ggplot2": {
      "Package": "ggplot2",
      "Version": "3.3.2",
      "Source": "Repository",
      "Repository": "RSPM",
      "Hash": "4ded8b439797f7b1693bd3d238d0106b"
    },
    "ggthemes": {
      "Package": "ggthemes",
      "Version": "4.2.4",
      "Source": "Repository",
      "Repository": "RSPM",
      "Hash": "617fb2c300f68e8b1ba21043fba88fd7"
    },
    "globals": {
      "Package": "globals",
      "Version": "0.14.0",
      "Source": "Repository",
      "Repository": "RSPM",
      "Hash": "eca8023ed5ca6372479ebb9b3207f5ae"
    },
    "glue": {
      "Package": "glue",
      "Version": "1.4.2",
      "Source": "Repository",
      "Repository": "RSPM",
      "Hash": "6efd734b14c6471cfe443345f3e35e29"
    },
    "gower": {
      "Package": "gower",
      "Version": "0.2.2",
      "Source": "Repository",
      "Repository": "RSPM",
      "Hash": "be6a2b3529928bd803d1c437d1d43152"
    },
    "gridExtra": {
      "Package": "gridExtra",
      "Version": "2.3",
      "Source": "Repository",
      "Repository": "RSPM",
      "Hash": "7d7f283939f563670a697165b2cf5560"
    },
    "gtable": {
      "Package": "gtable",
      "Version": "0.3.0",
      "Source": "Repository",
      "Repository": "RSPM",
      "Hash": "ac5c6baf7822ce8732b343f14c072c4d"
    },
    "hardhat": {
      "Package": "hardhat",
      "Version": "0.1.5",
      "Source": "Repository",
      "Repository": "RSPM",
      "Hash": "aa8ad570d6c1662de36ccbe09b67d473"
    },
    "haven": {
      "Package": "haven",
      "Version": "2.3.1",
      "Source": "Repository",
      "Repository": "RSPM",
      "Hash": "221d0ad75dfa03ebf17b1a4cc5c31dfc"
    },
    "here": {
      "Package": "here",
      "Version": "1.0.1",
      "Source": "Repository",
      "Repository": "RSPM",
      "Hash": "24b224366f9c2e7534d2344d10d59211"
    },
    "highr": {
      "Package": "highr",
      "Version": "0.7",
      "Source": "Repository",
      "Repository": "RSPM",
      "Hash": "84f2260779f595849141086fc94b52f0"
    },
    "hms": {
      "Package": "hms",
      "Version": "1.0.0",
      "Source": "Repository",
      "Repository": "RSPM",
      "Hash": "bf552cdd96f5969873afdac7311c7d0d"
    },
    "htmltools": {
      "Package": "htmltools",
      "Version": "0.5.1.1",
      "Source": "Repository",
      "Repository": "RSPM",
      "Hash": "af2c2531e55df5cf230c4b5444fc973c"
    },
    "htmlwidgets": {
      "Package": "htmlwidgets",
      "Version": "1.5.3",
      "Source": "Repository",
      "Repository": "RSPM",
      "Hash": "6fdaa86d0700f8b3e92ee3c445a5a10d"
    },
    "httpuv": {
      "Package": "httpuv",
      "Version": "1.5.5",
      "Source": "Repository",
      "Repository": "RSPM",
      "Hash": "b9d5d39be2150cf86538b8488334b8f8"
    },
    "httr": {
      "Package": "httr",
      "Version": "1.4.2",
      "Source": "Repository",
      "Repository": "RSPM",
      "Hash": "a525aba14184fec243f9eaec62fbed43"
    },
    "infer": {
      "Package": "infer",
      "Version": "0.5.4",
      "Source": "Repository",
      "Repository": "RSPM",
      "Hash": "b53abe478cd07312b8e09543f07c95f6"
    },
    "ipred": {
      "Package": "ipred",
      "Version": "0.9-9",
      "Source": "Repository",
      "Repository": "RSPM",
      "Hash": "816a7f746179f159f8faa87af730f3c1"
    },
    "isoband": {
      "Package": "isoband",
      "Version": "0.2.3",
      "Source": "Repository",
      "Repository": "RSPM",
      "Hash": "53647fb507373700028b2ce6cd30751a"
    },
    "iterators": {
      "Package": "iterators",
      "Version": "1.0.13",
      "Source": "Repository",
      "Repository": "RSPM",
      "Hash": "64778782a89480e9a644f69aad9a2877"
    },
    "jquerylib": {
      "Package": "jquerylib",
      "Version": "0.1.3",
      "Source": "Repository",
      "Repository": "RSPM",
      "Hash": "5ff50b36f7f0832f8421745af333e73c"
    },
    "jsonlite": {
      "Package": "jsonlite",
      "Version": "1.7.2",
      "Source": "Repository",
      "Repository": "RSPM",
      "Hash": "98138e0994d41508c7a6b84a0600cfcb"
    },
    "knitr": {
      "Package": "knitr",
      "Version": "1.30",
      "Source": "Repository",
      "Repository": "RSPM",
      "Hash": "eed7ee0d02eee88d53881cdc92457c62"
    },
    "labeling": {
      "Package": "labeling",
      "Version": "0.4.2",
      "Source": "Repository",
      "Repository": "RSPM",
      "Hash": "3d5108641f47470611a32d0bdf357a72"
    },
    "later": {
      "Package": "later",
      "Version": "1.1.0.1",
      "Source": "Repository",
      "Repository": "RSPM",
      "Hash": "d0a62b247165aabf397fded504660d8a"
    },
    "lattice": {
      "Package": "lattice",
      "Version": "0.20-41",
      "Source": "Repository",
      "Repository": "RSPM",
      "Hash": "fbd9285028b0263d76d18c95ae51a53d"
    },
    "lava": {
      "Package": "lava",
      "Version": "1.6.8.1",
      "Source": "Repository",
      "Repository": "RSPM",
      "Hash": "4f337c8dcd7fdf0df89ee74c4f5d94d5"
    },
    "lazyeval": {
      "Package": "lazyeval",
      "Version": "0.2.2",
      "Source": "Repository",
      "Repository": "RSPM",
      "Hash": "d908914ae53b04d4c0c0fd72ecc35370"
    },
    "leaflet": {
      "Package": "leaflet",
      "Version": "2.0.4.1",
      "Source": "Repository",
      "Repository": "RSPM",
      "Hash": "e3d73becdeb92754d27172d278cbf61d"
    },
    "leaflet.providers": {
      "Package": "leaflet.providers",
      "Version": "1.9.0",
      "Source": "Repository",
      "Repository": "RSPM",
      "Hash": "d3082a7beac4a1aeb96100ff06265d7e"
    },
    "lhs": {
      "Package": "lhs",
      "Version": "1.1.1",
      "Source": "Repository",
      "Repository": "RSPM",
      "Hash": "e44ecdb78d9373a6a11515bf6ec00251"
    },
    "lifecycle": {
      "Package": "lifecycle",
      "Version": "0.2.0",
      "Source": "Repository",
      "Repository": "RSPM",
      "Hash": "361811f31f71f8a617a9a68bf63f1f42"
    },
    "listenv": {
      "Package": "listenv",
      "Version": "0.8.0",
      "Source": "Repository",
      "Repository": "RSPM",
      "Hash": "0bde42ee282efb18c7c4e63822f5b4f7"
    },
    "lubridate": {
      "Package": "lubridate",
      "Version": "1.7.9.2",
      "Source": "Repository",
      "Repository": "RSPM",
      "Hash": "5b5b02f621d39a499def7923a5aee746"
    },
    "magrittr": {
      "Package": "magrittr",
      "Version": "2.0.1",
      "Source": "Repository",
      "Repository": "RSPM",
      "Hash": "41287f1ac7d28a92f0a286ed507928d3"
    },
    "markdown": {
      "Package": "markdown",
      "Version": "0.8",
      "Source": "Repository",
      "Repository": "RSPM",
      "Hash": "a7009fcffb7074751bc70e76e26ee72d"
    },
    "mgcv": {
      "Package": "mgcv",
      "Version": "1.8-33",
      "Source": "Repository",
      "Repository": "RSPM",
      "Hash": "eb7b6439bc6d812eed2cddba5edc6be3"
    },
    "mime": {
      "Package": "mime",
      "Version": "0.9",
      "Source": "Repository",
      "Repository": "RSPM",
      "Hash": "e87a35ec73b157552814869f45a63aa3"
    },
    "modeldata": {
      "Package": "modeldata",
      "Version": "0.1.0",
      "Source": "Repository",
      "Repository": "RSPM",
      "Hash": "9ff91d86290b17774fdc7dc490e2298d"
    },
    "modelr": {
      "Package": "modelr",
      "Version": "0.1.8",
      "Source": "Repository",
      "Repository": "RSPM",
      "Hash": "9fd59716311ee82cba83dc2826fc5577"
    },
    "munsell": {
      "Package": "munsell",
      "Version": "0.5.0",
      "Source": "Repository",
      "Repository": "RSPM",
      "Hash": "6dfe8bf774944bd5595785e3229d8771"
    },
    "nlme": {
      "Package": "nlme",
      "Version": "3.1-151",
      "Source": "Repository",
      "Repository": "RSPM",
      "Hash": "42c8ba2b6a32a6bf0874e93e3bd86a43"
    },
    "nnet": {
      "Package": "nnet",
      "Version": "7.3-15",
      "Source": "Repository",
      "Repository": "RSPM",
      "Hash": "b67ac021b3fb3a4b69d0d3c2bc049e9f"
    },
    "numDeriv": {
      "Package": "numDeriv",
      "Version": "2016.8-1.1",
      "Source": "Repository",
      "Repository": "RSPM",
      "Hash": "df58958f293b166e4ab885ebcad90e02"
    },
    "odbc": {
      "Package": "odbc",
      "Version": "1.3.0",
      "Source": "Repository",
      "Repository": "RSPM",
      "Hash": "36809fb729da5b807ddebdceee65cb1a"
    },
    "openssl": {
      "Package": "openssl",
      "Version": "1.4.3",
      "Source": "Repository",
      "Repository": "RSPM",
      "Hash": "a399e4773075fc2375b71f45fca186c4"
    },
    "pROC": {
      "Package": "pROC",
      "Version": "1.17.0.1",
      "Source": "Repository",
      "Repository": "RSPM",
      "Hash": "e25078f6e770b81121672874474f69c0"
    },
    "packrat": {
      "Package": "packrat",
      "Version": "0.5.0",
      "Source": "Repository",
      "Repository": "RSPM",
      "Hash": "2ebd34a38f4248281096cc723535b66d"
    },
    "parallelly": {
      "Package": "parallelly",
      "Version": "1.23.0",
      "Source": "Repository",
      "Repository": "RSPM",
      "Hash": "2f841d7915986a8fd995ab4ec105dd1b"
    },
    "parsnip": {
      "Package": "parsnip",
      "Version": "0.1.5",
      "Source": "Repository",
      "Repository": "RSPM",
      "Hash": "a6e96ada957f305bacbb4737f577b42b"
    },
    "pillar": {
      "Package": "pillar",
      "Version": "1.4.7",
      "Source": "Repository",
      "Repository": "RSPM",
      "Hash": "3b3dd89b2ee115a8b54e93a34cd546b4"
    },
    "pins": {
      "Package": "pins",
      "Version": "0.4.1",
      "Source": "Repository",
      "Repository": "RSPM",
      "Hash": "5807db4f71a98e49fc02f825fe26b9c9"
    },
    "pkgbuild": {
      "Package": "pkgbuild",
      "Version": "1.2.0",
      "Source": "Repository",
      "Repository": "RSPM",
      "Hash": "725fcc30222d4d11ec68efb8ff11a9af"
    },
    "pkgconfig": {
      "Package": "pkgconfig",
      "Version": "2.0.3",
      "Source": "Repository",
      "Repository": "RSPM",
      "Hash": "01f28d4278f15c76cddbea05899c5d6f"
    },
    "pkgload": {
      "Package": "pkgload",
      "Version": "1.1.0",
      "Source": "Repository",
      "Repository": "RSPM",
      "Hash": "b6b150cd4709e0c0c9b5d51ac4376282"
    },
    "plumber": {
      "Package": "plumber",
      "Version": "1.0.0",
      "Source": "Repository",
      "Repository": "RSPM",
      "Hash": "4d095c702eaa44af48ad6b2a7b48753e"
    },
    "plyr": {
      "Package": "plyr",
      "Version": "1.8.6",
      "Source": "Repository",
      "Repository": "RSPM",
      "Hash": "ec0e5ab4e5f851f6ef32cd1d1984957f"
    },
    "png": {
      "Package": "png",
      "Version": "0.1-7",
      "Source": "Repository",
      "Repository": "RSPM",
      "Hash": "03b7076c234cb3331288919983326c55"
    },
    "pool": {
      "Package": "pool",
      "Version": "0.1.6",
      "Source": "Repository",
      "Repository": "RSPM",
      "Hash": "adbd1934555da2c62338acd48ad957f5"
    },
    "praise": {
      "Package": "praise",
      "Version": "1.0.0",
      "Source": "Repository",
      "Repository": "RSPM",
      "Hash": "a555924add98c99d2f411e37e7d25e9f"
    },
    "prettyunits": {
      "Package": "prettyunits",
      "Version": "1.1.1",
      "Source": "Repository",
      "Repository": "RSPM",
      "Hash": "95ef9167b75dde9d2ccc3c7528393e7e"
    },
    "processx": {
      "Package": "processx",
      "Version": "3.4.5",
      "Source": "Repository",
      "Repository": "RSPM",
      "Hash": "22aab6098cb14edd0a5973a8438b569b"
    },
    "prodlim": {
      "Package": "prodlim",
      "Version": "2019.11.13",
      "Source": "Repository",
      "Repository": "RSPM",
      "Hash": "c243bf70db3a6631a0c8783152fb7db9"
    },
    "progress": {
      "Package": "progress",
      "Version": "1.2.2",
      "Source": "Repository",
      "Repository": "RSPM",
      "Hash": "14dc9f7a3c91ebb14ec5bb9208a07061"
    },
    "promises": {
      "Package": "promises",
      "Version": "1.1.1",
      "Source": "Repository",
      "Repository": "RSPM",
      "Hash": "a8730dcbdd19f9047774909f0ec214a4"
    },
    "ps": {
      "Package": "ps",
      "Version": "1.5.0",
      "Source": "Repository",
      "Repository": "RSPM",
      "Hash": "ebaed51a03411fd5cfc1e12d9079b353"
    },
    "purrr": {
      "Package": "purrr",
      "Version": "0.3.4",
      "Source": "Repository",
      "Repository": "RSPM",
      "Hash": "97def703420c8ab10d8f0e6c72101e02"
    },
    "rappdirs": {
      "Package": "rappdirs",
      "Version": "0.3.1",
      "Source": "Repository",
      "Repository": "RSPM",
      "Hash": "8c8298583adbbe76f3c2220eef71bebc"
    },
    "raster": {
      "Package": "raster",
      "Version": "3.4-5",
      "Source": "Repository",
      "Repository": "RSPM",
      "Hash": "a3ded548110163cf499d63c3932dd499"
    },
    "readr": {
      "Package": "readr",
      "Version": "1.4.0",
      "Source": "Repository",
      "Repository": "RSPM",
      "Hash": "2639976851f71f330264a9c9c3d43a61"
    },
    "readxl": {
      "Package": "readxl",
      "Version": "1.3.1",
      "Source": "Repository",
      "Repository": "RSPM",
      "Hash": "63537c483c2dbec8d9e3183b3735254a"
    },
    "recipes": {
      "Package": "recipes",
      "Version": "0.1.15",
      "Source": "Repository",
      "Repository": "RSPM",
      "Hash": "e53c0258e2d126419df25e5390082819"
    },
    "rematch": {
      "Package": "rematch",
      "Version": "1.0.1",
      "Source": "Repository",
      "Repository": "RSPM",
      "Hash": "c66b930d20bb6d858cd18e1cebcfae5c"
    },
    "rematch2": {
      "Package": "rematch2",
      "Version": "2.1.2",
      "Source": "Repository",
      "Repository": "RSPM",
      "Hash": "76c9e04c712a05848ae7a23d2f170a40"
    },
    "renv": {
      "Package": "renv",
      "Version": "0.12.5",
      "Source": "Repository",
      "Repository": "RSPM",
      "Hash": "5c0cdb37f063c58cdab3c7e9fbb8bd2c"
    },
    "reprex": {
      "Package": "reprex",
      "Version": "0.3.0",
      "Source": "Repository",
      "Repository": "RSPM",
      "Hash": "b06bfb3504cc8a4579fd5567646f745b"
    },
    "rlang": {
      "Package": "rlang",
      "Version": "0.4.10",
      "Source": "Repository",
      "Repository": "RSPM",
      "Hash": "599df23c40a4fce9c7b4764f28c37857"
    },
    "rmarkdown": {
      "Package": "rmarkdown",
      "Version": "2.6",
      "Source": "Repository",
      "Repository": "RSPM",
      "Hash": "bc4bac38960b446c183957bfd563e763"
    },
    "rpart": {
      "Package": "rpart",
      "Version": "4.1-15",
      "Source": "Repository",
      "Repository": "RSPM",
      "Hash": "9787c1fcb680e655d062e7611cadf78e"
    },
    "rprojroot": {
      "Package": "rprojroot",
      "Version": "2.0.2",
      "Source": "Repository",
      "Repository": "RSPM",
      "Hash": "249d8cd1e74a8f6a26194a91b47f21d1"
    },
    "rsample": {
      "Package": "rsample",
      "Version": "0.0.8",
      "Source": "Repository",
      "Repository": "RSPM",
      "Hash": "a05b5f1136fb3e22efe51e85369c041c"
    },
    "rsconnect": {
      "Package": "rsconnect",
      "Version": "0.8.16",
      "Source": "Repository",
      "Repository": "RSPM",
      "Hash": "3924a1c20ce2479e89a08b0ca4c936c6"
    },
    "rstudioapi": {
      "Package": "rstudioapi",
      "Version": "0.13",
      "Source": "Repository",
      "Repository": "RSPM",
      "Hash": "06c85365a03fdaf699966cc1d3cf53ea"
    },
    "rvest": {
      "Package": "rvest",
      "Version": "0.3.6",
      "Source": "Repository",
      "Repository": "RSPM",
      "Hash": "a9795ccb2d608330e841998b67156764"
    },
    "sass": {
      "Package": "sass",
      "Version": "0.3.1",
      "Source": "Repository",
      "Repository": "RSPM",
      "Hash": "3ef1adfe46b7b144b970d74ce33ab0d6"
    },
    "scales": {
      "Package": "scales",
      "Version": "1.1.1",
      "Source": "Repository",
      "Repository": "RSPM",
      "Hash": "6f76f71042411426ec8df6c54f34e6dd"
    },
    "selectr": {
      "Package": "selectr",
      "Version": "0.4-2",
      "Source": "Repository",
      "Repository": "RSPM",
      "Hash": "3838071b66e0c566d55cc26bd6e27bf4"
    },
    "shiny": {
      "Package": "shiny",
      "Version": "1.6.0",
      "Source": "Repository",
      "Repository": "RSPM",
      "Hash": "6e3b6ae7fe02b5859e4bb277f218b8ae"
    },
    "shinydashboard": {
      "Package": "shinydashboard",
      "Version": "0.7.1",
      "Source": "Repository",
      "Repository": "RSPM",
      "Hash": "133639dc106955eee4ffb8ec73edac37"
    },
    "slider": {
      "Package": "slider",
      "Version": "0.1.5",
      "Source": "Repository",
      "Repository": "RSPM",
      "Hash": "ac1eb08941cacd8ff16f0041ca60a3de"
    },
    "sodium": {
      "Package": "sodium",
      "Version": "1.1",
      "Source": "Repository",
      "Repository": "RSPM",
      "Hash": "9f07fda8802e9a2ed7e91f20f2d814ce"
    },
    "sourcetools": {
      "Package": "sourcetools",
      "Version": "0.1.7",
      "Source": "Repository",
      "Repository": "RSPM",
      "Hash": "947e4e02a79effa5d512473e10f41797"
    },
    "sp": {
      "Package": "sp",
      "Version": "1.4-5",
      "Source": "Repository",
      "Repository": "RSPM",
      "Hash": "dfd843ee98246cf932823acf613b05dd"
    },
    "stringi": {
      "Package": "stringi",
      "Version": "1.2.3",
      "Source": "Repository",
      "Repository": "RSPM",
      "Hash": "ad0d08cc0ec5f1fa3eeffe695e8c2639"
    },
    "stringr": {
      "Package": "stringr",
      "Version": "1.4.0",
      "Source": "Repository",
      "Repository": "RSPM",
      "Hash": "0759e6b6c0957edb1311028a49a35e76"
    },
    "survival": {
      "Package": "survival",
      "Version": "3.2-7",
      "Source": "Repository",
      "Repository": "RSPM",
      "Hash": "39c4ac6d22dad33db0ee37b40810ea12"
    },
    "swagger": {
      "Package": "swagger",
      "Version": "3.33.1",
      "Source": "Repository",
      "Repository": "RSPM",
      "Hash": "f28d25ed70c903922254157c11b0081d"
    },
    "sys": {
      "Package": "sys",
      "Version": "3.4",
      "Source": "Repository",
      "Repository": "RSPM",
      "Hash": "b227d13e29222b4574486cfcbde077fa"
    },
    "testthat": {
      "Package": "testthat",
      "Version": "3.0.1",
      "Source": "Repository",
      "Repository": "RSPM",
      "Hash": "17826764cb92d8b5aae6619896e5a161"
    },
    "tibble": {
      "Package": "tibble",
      "Version": "3.0.5",
      "Source": "Repository",
      "Repository": "RSPM",
      "Hash": "a1958587eb651a02273d685fff3819b1"
    },
    "tidymodels": {
      "Package": "tidymodels",
      "Version": "0.1.2",
      "Source": "Repository",
      "Repository": "RSPM",
      "Hash": "dc3ec48f9e05a955f132b0e075ce6c34"
    },
    "tidyr": {
      "Package": "tidyr",
      "Version": "1.1.2",
      "Source": "Repository",
      "Repository": "RSPM",
      "Hash": "c40b2d5824d829190f4b825f4496dfae"
    },
    "tidyselect": {
      "Package": "tidyselect",
      "Version": "1.1.0",
      "Source": "Repository",
      "Repository": "RSPM",
      "Hash": "6ea435c354e8448819627cf686f66e0a"
    },
    "tidyverse": {
      "Package": "tidyverse",
      "Version": "1.3.0",
      "Source": "Repository",
      "Repository": "RSPM",
      "Hash": "bd51be662f359fa99021f3d51e911490"
    },
    "timeDate": {
      "Package": "timeDate",
      "Version": "3043.102",
      "Source": "Repository",
      "Repository": "RSPM",
      "Hash": "fde4fc571f5f61978652c229d4713845"
    },
    "tinytex": {
      "Package": "tinytex",
      "Version": "0.29",
      "Source": "Repository",
      "Repository": "RSPM",
      "Hash": "f0b0ba735febac9a8344253ae6fa93f5"
    },
    "tune": {
      "Package": "tune",
      "Version": "0.1.2",
      "Source": "Repository",
      "Repository": "RSPM",
      "Hash": "f401be434f60d4549bda90b566ff6d3f"
    },
    "utf8": {
      "Package": "utf8",
      "Version": "1.1.4",
      "Source": "Repository",
      "Repository": "RSPM",
      "Hash": "4a5081acfb7b81a572e4384a7aaf2af1"
    },
    "uuid": {
      "Package": "uuid",
      "Version": "0.1-4",
      "Source": "Repository",
      "Repository": "RSPM",
      "Hash": "e4169eb989a5d03ccb6b628cad1b1b50"
    },
    "vctrs": {
      "Package": "vctrs",
      "Version": "0.3.6",
      "Source": "Repository",
      "Repository": "RSPM",
      "Hash": "5cf1957f93076c19fdc81d01409d240b"
    },
    "viridis": {
      "Package": "viridis",
      "Version": "0.5.1",
      "Source": "Repository",
      "Repository": "RSPM",
      "Hash": "6f6b49e5b3b5ee5a6d0c28bf1b4b9eb3"
    },
    "viridisLite": {
      "Package": "viridisLite",
      "Version": "0.3.0",
      "Source": "Repository",
      "Repository": "RSPM",
      "Hash": "ce4f6271baa94776db692f1cb2055bee"
    },
    "waldo": {
      "Package": "waldo",
      "Version": "0.2.3",
      "Source": "Repository",
      "Repository": "RSPM",
      "Hash": "181d1a31b1ba2009ef20926f2ee0570c"
    },
    "warp": {
      "Package": "warp",
      "Version": "0.2.0",
      "Source": "Repository",
      "Repository": "RSPM",
      "Hash": "2982481615756e24e79fee95bdc95daa"
    },
    "webutils": {
      "Package": "webutils",
      "Version": "1.1",
      "Source": "Repository",
      "Repository": "RSPM",
      "Hash": "75d8b5b05fe22659b54076563f83f26a"
    },
    "whisker": {
      "Package": "whisker",
      "Version": "0.4",
      "Source": "Repository",
      "Repository": "RSPM",
      "Hash": "ca970b96d894e90397ed20637a0c1bbe"
    },
    "withr": {
      "Package": "withr",
      "Version": "2.3.0.9000",
      "Source": "GitHub",
      "RemoteType": "github",
      "RemoteHost": "api.github.com",
      "RemoteRepo": "withr",
      "RemoteUsername": "r-lib",
      "RemoteRef": "master",
      "RemoteSha": "37c6ba983697839f03f8d69e56e5ce22121a37a7",
      "Hash": "aa8c70891d04efe16a9d7f0ab02e63c1"
    },
    "workflows": {
      "Package": "workflows",
      "Version": "0.2.1",
      "Source": "Repository",
      "Repository": "RSPM",
      "Hash": "c5063a0296c7d6e32ee1351a1d88d2b1"
    },
    "xfun": {
      "Package": "xfun",
      "Version": "0.20",
      "Source": "Repository",
      "Repository": "RSPM",
      "Hash": "d7222684dc02327871e3b1da0aba7089"
    },
    "xgboost": {
      "Package": "xgboost",
      "Version": "1.3.2.1",
      "Source": "Repository",
      "Repository": "RSPM",
      "Hash": "280eff8c373dbd496580381dc0c5bd84"
    },
    "xml2": {
      "Package": "xml2",
      "Version": "1.3.2",
      "Source": "Repository",
      "Repository": "RSPM",
      "Hash": "d4d71a75dd3ea9eb5fa28cc21f9585e2"
    },
    "xtable": {
      "Package": "xtable",
      "Version": "1.8-4",
      "Source": "Repository",
      "Repository": "RSPM",
      "Hash": "b8acdf8af494d9ec19ccb2481a9b11c2"
    },
    "yaml": {
      "Package": "yaml",
      "Version": "2.2.1",
      "Source": "Repository",
      "Repository": "RSPM",
      "Hash": "2826c5d9efb0a88f657c7a679c7106db"
    },
    "yardstick": {
      "Package": "yardstick",
      "Version": "0.0.7",
      "Source": "Repository",
      "Repository": "RSPM",
      "Hash": "e16ed675886deba4b47441672cedfd54"
    },
    "zip": {
      "Package": "zip",
      "Version": "2.1.1",
      "Source": "Repository",
      "Repository": "RSPM",
      "Hash": "3bc8405c637d988801ec5ea88372d0c2"
    }
  }
}
