{
  "R": {
    "Version": "4.0.3",
    "Repositories": [
      {
        "Name": "RSPM",
        "URL": "https://colorado.rstudio.com/rspm/all/latest"
      },
      {
        "Name": "Internal",
        "URL": "https://colorado.rstudio.com/rspm/internal/latest"
      }
    ]
  },
  "Packages": {
    "R6": {
      "Package": "R6",
      "Version": "2.2.2",
      "Source": "Repository",
      "Repository": "RSPM",
      "Hash": "ba6491520ddb5d82f2d146afce117539"
    },
    "askpass": {
      "Package": "askpass",
      "Version": "1.1",
      "Source": "Repository",
      "Repository": "RSPM",
      "Hash": "e8a22846fff485f0be3770c2da758713"
    },
    "assertthat": {
      "Package": "assertthat",
      "Version": "0.2.0",
      "Source": "Repository",
      "Repository": "RSPM",
      "Hash": "7b2aa2be4bd0497000a5a399f07da3f1"
    },
    "base64enc": {
      "Package": "base64enc",
      "Version": "0.1-3",
      "Source": "Repository",
      "Repository": "RSPM",
      "Hash": "543776ae6848fde2f48ff3816d0628bc"
    },
    "bit": {
      "Package": "bit",
      "Version": "4.0.4",
      "Source": "Repository",
      "Repository": "RSPM",
      "Hash": "f36715f14d94678eea9933af927bc15d"
    },
    "bit64": {
      "Package": "bit64",
      "Version": "4.0.5",
      "Source": "Repository",
      "Repository": "RSPM",
      "Hash": "9fe98599ca456d6552421db0d6772d8f"
    },
    "cli": {
      "Package": "cli",
      "Version": "1.0.0",
      "Source": "Repository",
      "Repository": "RSPM",
      "Hash": "001d6f8577c7932ff38af249c4781612"
    },
    "config": {
      "Package": "config",
      "Version": "0.3.1",
      "Source": "Repository",
      "Repository": "RSPM",
      "Hash": "31d77b09f63550cee9ecb5a08bf76e8f"
    },
    "connectapi": {
      "Package": "connectapi",
      "Version": "0.1.0.9018.0.0.0.1615917293",
      "Source": "Repository",
      "Repository": "RSPM",
      "RemoteSha": "684afa0b76ff46b6dbcb342a5cbc20e8c0be3c66",
      "Hash": "a62202e38dfd638accafc42c5281e7ee"
    },
    "crayon": {
      "Package": "crayon",
      "Version": "1.3.4",
      "Source": "Repository",
      "Repository": "RSPM",
      "Hash": "0d57bc8e27b7ba9e45dba825ebc0de6b"
    },
    "curl": {
      "Package": "curl",
      "Version": "4.3",
      "Source": "Repository",
      "Repository": "RSPM",
      "Hash": "2b7d10581cc730804e9ed178c8374bd6"
    },
    "digest": {
      "Package": "digest",
      "Version": "0.6.27",
      "Source": "Repository",
      "Repository": "CRAN",
      "Hash": "a0cbe758a531d054b537d16dff4d58a1"
    },
    "dplyr": {
      "Package": "dplyr",
      "Version": "1.0.3",
      "Source": "Repository",
      "Repository": "RSPM",
      "Hash": "365f8c3650ab95582e600f160fd5fb88"
    },
    "ellipsis": {
      "Package": "ellipsis",
      "Version": "0.3.1",
      "Source": "Repository",
      "Repository": "CRAN",
      "Hash": "fd2844b3a43ae2d27e70ece2df1b4e2a"
    },
    "evaluate": {
      "Package": "evaluate",
      "Version": "0.14",
      "Source": "Repository",
      "Repository": "CRAN",
      "Hash": "ec8ca05cffcc70569eaaad8469d2a3a7"
    },
    "fansi": {
      "Package": "fansi",
      "Version": "0.4.2",
      "Source": "Repository",
      "Repository": "RSPM",
      "Hash": "fea074fb67fe4c25d47ad09087da847d"
    },
    "fs": {
      "Package": "fs",
      "Version": "1.5.0",
      "Source": "Repository",
      "Repository": "CRAN",
      "Hash": "44594a07a42e5f91fac9f93fda6d0109"
    },
    "generics": {
      "Package": "generics",
      "Version": "0.1.0",
      "Source": "Repository",
      "Repository": "RSPM",
      "Hash": "4d243a9c10b00589889fe32314ffd902"
    },
    "glue": {
      "Package": "glue",
      "Version": "1.4.2",
      "Source": "Repository",
      "Repository": "CRAN",
      "Hash": "6efd734b14c6471cfe443345f3e35e29"
    },
    "highr": {
      "Package": "highr",
      "Version": "0.7",
      "Source": "Repository",
      "Repository": "RSPM",
      "Hash": "84f2260779f595849141086fc94b52f0"
    },
    "hms": {
      "Package": "hms",
      "Version": "1.0.0",
      "Source": "Repository",
      "Repository": "RSPM",
      "Hash": "bf552cdd96f5969873afdac7311c7d0d"
    },
    "htmltools": {
      "Package": "htmltools",
      "Version": "0.5.1.1",
      "Source": "Repository",
      "Repository": "RSPM",
      "Hash": "af2c2531e55df5cf230c4b5444fc973c"
    },
    "httr": {
      "Package": "httr",
      "Version": "1.4.2",
      "Source": "Repository",
      "Repository": "CRAN",
      "Hash": "a525aba14184fec243f9eaec62fbed43"
    },
    "jsonlite": {
      "Package": "jsonlite",
      "Version": "1.5",
      "Source": "Repository",
      "Repository": "RSPM",
      "Hash": "c9638b684f25fd947082b729e8e8d2f1"
    },
    "knitr": {
      "Package": "knitr",
      "Version": "1.31",
      "Source": "Repository",
      "Repository": "CRAN",
      "Hash": "c3994c036d19fc22c5e2a209c8298bfb"
    },
    "lifecycle": {
      "Package": "lifecycle",
      "Version": "0.2.0",
      "Source": "Repository",
      "Repository": "CRAN",
      "Hash": "361811f31f71f8a617a9a68bf63f1f42"
    },
    "magrittr": {
      "Package": "magrittr",
      "Version": "1.5",
      "Source": "Repository",
      "Repository": "RSPM",
      "Hash": "1bb58822a20301cee84a41678e25d9b7"
    },
    "markdown": {
      "Package": "markdown",
      "Version": "0.8",
      "Source": "Repository",
      "Repository": "RSPM",
      "Hash": "a7009fcffb7074751bc70e76e26ee72d"
    },
    "mime": {
      "Package": "mime",
      "Version": "0.5",
      "Source": "Repository",
      "Repository": "RSPM",
      "Hash": "18943f719a3367e8b1f59b8931a69165"
    },
    "openssl": {
      "Package": "openssl",
      "Version": "1.4.3",
      "Source": "Repository",
      "Repository": "CRAN",
      "Hash": "a399e4773075fc2375b71f45fca186c4"
    },
    "packrat": {
      "Package": "packrat",
      "Version": "0.6.0",
      "Source": "Repository",
      "Repository": "RSPM",
      "Hash": "0d6cc4c357e7602bb3eee299f4cfc2a5"
    },
    "pillar": {
      "Package": "pillar",
      "Version": "1.4.7",
      "Source": "Repository",
      "Repository": "RSPM",
      "Hash": "3b3dd89b2ee115a8b54e93a34cd546b4"
    },
    "pkgconfig": {
      "Package": "pkgconfig",
      "Version": "2.0.1",
      "Source": "Repository",
      "Repository": "RSPM",
      "Hash": "b8a063ca3694e651ac46f71b4bf0e090"
    },
    "prettyunits": {
      "Package": "prettyunits",
      "Version": "1.1.1",
      "Source": "Repository",
      "Repository": "CRAN",
      "Hash": "95ef9167b75dde9d2ccc3c7528393e7e"
    },
    "progress": {
      "Package": "progress",
      "Version": "1.2.2",
      "Source": "Repository",
      "Repository": "CRAN",
      "Hash": "14dc9f7a3c91ebb14ec5bb9208a07061"
    },
    "purrr": {
      "Package": "purrr",
      "Version": "0.3.4",
      "Source": "Repository",
      "Repository": "CRAN",
      "Hash": "97def703420c8ab10d8f0e6c72101e02"
    },
    "renv": {
      "Package": "renv",
      "Version": "0.12.5",
      "Source": "Repository",
      "Repository": "RSPM",
      "Hash": "5c0cdb37f063c58cdab3c7e9fbb8bd2c"
    },
    "rlang": {
      "Package": "rlang",
      "Version": "0.4.10",
      "Source": "Repository",
      "Repository": "RSPM",
      "Hash": "599df23c40a4fce9c7b4764f28c37857"
    },
    "rmarkdown": {
      "Package": "rmarkdown",
      "Version": "2.6",
      "Source": "Repository",
      "Repository": "RSPM",
      "Hash": "bc4bac38960b446c183957bfd563e763"
    },
    "rsconnect": {
      "Package": "rsconnect",
      "Version": "0.8.18",
      "Source": "Repository",
      "Repository": "RSPM",
      "Hash": "50b4e52011e335f7d3053cfde69893ba"
    },
    "rstudioapi": {
      "Package": "rstudioapi",
      "Version": "0.13",
      "Source": "Repository",
      "Repository": "RSPM",
      "Hash": "06c85365a03fdaf699966cc1d3cf53ea"
    },
    "stringi": {
      "Package": "stringi",
      "Version": "1.2.3",
      "Source": "Repository",
      "Repository": "RSPM",
      "Hash": "ad0d08cc0ec5f1fa3eeffe695e8c2639"
    },
    "stringr": {
      "Package": "stringr",
      "Version": "1.3.1",
      "Source": "Repository",
      "Repository": "RSPM",
      "Hash": "652beee20114485d835567f77c18a30a"
    },
    "sys": {
      "Package": "sys",
      "Version": "3.4",
      "Source": "Repository",
      "Repository": "CRAN",
      "Hash": "b227d13e29222b4574486cfcbde077fa"
    },
    "tibble": {
      "Package": "tibble",
      "Version": "3.0.5",
      "Source": "Repository",
      "Repository": "RSPM",
      "Hash": "a1958587eb651a02273d685fff3819b1"
    },
    "tidyselect": {
      "Package": "tidyselect",
      "Version": "1.1.0",
      "Source": "Repository",
      "Repository": "CRAN",
      "Hash": "6ea435c354e8448819627cf686f66e0a"
    },
    "tinytex": {
      "Package": "tinytex",
      "Version": "0.29",
      "Source": "Repository",
      "Repository": "RSPM",
      "Hash": "f0b0ba735febac9a8344253ae6fa93f5"
    },
    "utf8": {
      "Package": "utf8",
      "Version": "1.1.4",
      "Source": "Repository",
      "Repository": "CRAN",
      "Hash": "4a5081acfb7b81a572e4384a7aaf2af1"
    },
    "uuid": {
      "Package": "uuid",
      "Version": "0.1-4",
      "Source": "Repository",
      "Repository": "RSPM",
      "Hash": "e4169eb989a5d03ccb6b628cad1b1b50"
    },
    "vctrs": {
      "Package": "vctrs",
      "Version": "0.3.6",
      "Source": "Repository",
      "Repository": "RSPM",
      "Hash": "5cf1957f93076c19fdc81d01409d240b"
    },
    "xfun": {
      "Package": "xfun",
      "Version": "0.20",
      "Source": "Repository",
      "Repository": "RSPM",
      "Hash": "d7222684dc02327871e3b1da0aba7089"
    },
    "yaml": {
      "Package": "yaml",
      "Version": "2.1.19",
      "Source": "Repository",
      "Repository": "RSPM",
      "Hash": "b305924774fb2505c502001c881a243c"
    }
  }
}
